
Microsoft Visual Studio Solution File, Format Version 12.00
# Visual Studio Version 17
VisualStudioVersion = 17.0.31912.275
MinimumVisualStudioVersion = 10.0.40219.1
Project("{FAE04EC0-301F-11D3-BF4B-00C04F79EFBC}") = "BlazorApp1", "BlazorApp1\BlazorApp1.csproj", "{C7F42713-F59E-4328-AE24-62522807A5F8}"
EndProject
Global
	GlobalSection(SolutionConfigurationPlatforms) = preSolution
		Debug|Any CPU = Debug|Any CPU
		Release|Any CPU = Release|Any CPU
	EndGlobalSection
	GlobalSection(ProjectConfigurationPlatforms) = postSolution
		{C7F42713-F59E-4328-AE24-62522807A5F8}.Debug|Any CPU.ActiveCfg = Debug|Any CPU
		{C7F42713-F59E-4328-AE24-62522807A5F8}.Debug|Any CPU.Build.0 = Debug|Any CPU
		{C7F42713-F59E-4328-AE24-62522807A5F8}.Release|Any CPU.ActiveCfg = Release|Any CPU
		{C7F42713-F59E-4328-AE24-62522807A5F8}.Release|Any CPU.Build.0 = Release|Any CPU
	EndGlobalSection
	GlobalSection(SolutionProperties) = preSolution
		HideSolutionNode = FALSE
	EndGlobalSection
	GlobalSection(ExtensibilityGlobals) = postSolution
		SolutionGuid = {51143B63-E1A9-41E1-9C42-18AD68F3DCC1}
	EndGlobalSection
EndGlobal
